
Microsoft Visual Studio Solution File, Format Version 12.00
# Visual Studio 15
VisualStudioVersion = 15.0.27130.0
MinimumVisualStudioVersion = 10.0.40219.1
Project("{FAE04EC0-301F-11D3-BF4B-00C04F79EFBC}") = "KranjacDavidSystemIOOtpustanjeUsing", "KranjacDavidSystemIOOtpustanjeUsing\KranjacDavidSystemIOOtpustanjeUsing.csproj", "{671684BA-A560-4BF9-9BED-33D0E432A383}"
EndProject
Global
	GlobalSection(SolutionConfigurationPlatforms) = preSolution
		Debug|Any CPU = Debug|Any CPU
		Release|Any CPU = Release|Any CPU
	EndGlobalSection
	GlobalSection(ProjectConfigurationPlatforms) = postSolution
		{671684BA-A560-4BF9-9BED-33D0E432A383}.Debug|Any CPU.ActiveCfg = Debug|Any CPU
		{671684BA-A560-4BF9-9BED-33D0E432A383}.Debug|Any CPU.Build.0 = Debug|Any CPU
		{671684BA-A560-4BF9-9BED-33D0E432A383}.Release|Any CPU.ActiveCfg = Release|Any CPU
		{671684BA-A560-4BF9-9BED-33D0E432A383}.Release|Any CPU.Build.0 = Release|Any CPU
	EndGlobalSection
	GlobalSection(SolutionProperties) = preSolution
		HideSolutionNode = FALSE
	EndGlobalSection
	GlobalSection(ExtensibilityGlobals) = postSolution
		SolutionGuid = {1C8EA036-79A4-48FD-9AA1-A8C276DE75D2}
	EndGlobalSection
EndGlobal
