
Microsoft Visual Studio Solution File, Format Version 12.00
# Visual Studio 15
VisualStudioVersion = 15.0.28010.2026
MinimumVisualStudioVersion = 10.0.40219.1
Project("{FAE04EC0-301F-11D3-BF4B-00C04F79EFBC}") = "KranjacDavidSystemIODZ2", "KranjacDavidSystemIODZ2\KranjacDavidSystemIODZ2.csproj", "{AFDFC0BD-3F33-443E-8376-0D9FB8DAD4F9}"
EndProject
Global
	GlobalSection(SolutionConfigurationPlatforms) = preSolution
		Debug|Any CPU = Debug|Any CPU
		Release|Any CPU = Release|Any CPU
	EndGlobalSection
	GlobalSection(ProjectConfigurationPlatforms) = postSolution
		{AFDFC0BD-3F33-443E-8376-0D9FB8DAD4F9}.Debug|Any CPU.ActiveCfg = Debug|Any CPU
		{AFDFC0BD-3F33-443E-8376-0D9FB8DAD4F9}.Debug|Any CPU.Build.0 = Debug|Any CPU
		{AFDFC0BD-3F33-443E-8376-0D9FB8DAD4F9}.Release|Any CPU.ActiveCfg = Release|Any CPU
		{AFDFC0BD-3F33-443E-8376-0D9FB8DAD4F9}.Release|Any CPU.Build.0 = Release|Any CPU
	EndGlobalSection
	GlobalSection(SolutionProperties) = preSolution
		HideSolutionNode = FALSE
	EndGlobalSection
	GlobalSection(ExtensibilityGlobals) = postSolution
		SolutionGuid = {D5BCCA25-CBF5-4093-B997-EC155F28F80B}
	EndGlobalSection
EndGlobal
