
Microsoft Visual Studio Solution File, Format Version 12.00
# Visual Studio 15
VisualStudioVersion = 15.0.28307.271
MinimumVisualStudioVersion = 10.0.40219.1
Project("{FAE04EC0-301F-11D3-BF4B-00C04F79EFBC}") = "KranjacDavidPictureBoxKontrola", "KranjacDavidPictureBoxKontrola\KranjacDavidPictureBoxKontrola.csproj", "{4DA4F9E7-B5CD-4A85-B808-C8DEC3C7627F}"
EndProject
Global
	GlobalSection(SolutionConfigurationPlatforms) = preSolution
		Debug|Any CPU = Debug|Any CPU
		Release|Any CPU = Release|Any CPU
	EndGlobalSection
	GlobalSection(ProjectConfigurationPlatforms) = postSolution
		{4DA4F9E7-B5CD-4A85-B808-C8DEC3C7627F}.Debug|Any CPU.ActiveCfg = Debug|Any CPU
		{4DA4F9E7-B5CD-4A85-B808-C8DEC3C7627F}.Debug|Any CPU.Build.0 = Debug|Any CPU
		{4DA4F9E7-B5CD-4A85-B808-C8DEC3C7627F}.Release|Any CPU.ActiveCfg = Release|Any CPU
		{4DA4F9E7-B5CD-4A85-B808-C8DEC3C7627F}.Release|Any CPU.Build.0 = Release|Any CPU
	EndGlobalSection
	GlobalSection(SolutionProperties) = preSolution
		HideSolutionNode = FALSE
	EndGlobalSection
	GlobalSection(ExtensibilityGlobals) = postSolution
		SolutionGuid = {A7878405-767C-4A85-B5CD-14C04EEF3691}
	EndGlobalSection
EndGlobal
